
Microsoft Visual Studio Solution File, Format Version 12.00
# Visual Studio Version 16
VisualStudioVersion = 16.0.30709.64
MinimumVisualStudioVersion = 10.0.40219.1
Project("{FAE04EC0-301F-11D3-BF4B-00C04F79EFBC}") = "BlackLotus", "BlackLotus.csproj", "{1D39ED14-084D-45DE-A3DC-F0E17416EDDD}"
EndProject
Project("{FAE04EC0-301F-11D3-BF4B-00C04F79EFBC}") = "DataLayer", "..\DataLayer\DataLayer.csproj", "{4D52B863-2FC9-44E6-A5FF-7733739BA90C}"
EndProject
Project("{FAE04EC0-301F-11D3-BF4B-00C04F79EFBC}") = "BusinessLayer", "..\BusinessLayer\BusinessLayer.csproj", "{D4DBFD3B-7F48-4A38-81AA-C0E1E2900EFB}"
EndProject
Global
	GlobalSection(SolutionConfigurationPlatforms) = preSolution
		Debug|Any CPU = Debug|Any CPU
		Release|Any CPU = Release|Any CPU
	EndGlobalSection
	GlobalSection(ProjectConfigurationPlatforms) = postSolution
		{1D39ED14-084D-45DE-A3DC-F0E17416EDDD}.Debug|Any CPU.ActiveCfg = Debug|Any CPU
		{1D39ED14-084D-45DE-A3DC-F0E17416EDDD}.Debug|Any CPU.Build.0 = Debug|Any CPU
		{1D39ED14-084D-45DE-A3DC-F0E17416EDDD}.Release|Any CPU.ActiveCfg = Release|Any CPU
		{1D39ED14-084D-45DE-A3DC-F0E17416EDDD}.Release|Any CPU.Build.0 = Release|Any CPU
		{4D52B863-2FC9-44E6-A5FF-7733739BA90C}.Debug|Any CPU.ActiveCfg = Debug|Any CPU
		{4D52B863-2FC9-44E6-A5FF-7733739BA90C}.Debug|Any CPU.Build.0 = Debug|Any CPU
		{4D52B863-2FC9-44E6-A5FF-7733739BA90C}.Release|Any CPU.ActiveCfg = Release|Any CPU
		{4D52B863-2FC9-44E6-A5FF-7733739BA90C}.Release|Any CPU.Build.0 = Release|Any CPU
		{D4DBFD3B-7F48-4A38-81AA-C0E1E2900EFB}.Debug|Any CPU.ActiveCfg = Debug|Any CPU
		{D4DBFD3B-7F48-4A38-81AA-C0E1E2900EFB}.Debug|Any CPU.Build.0 = Debug|Any CPU
		{D4DBFD3B-7F48-4A38-81AA-C0E1E2900EFB}.Release|Any CPU.ActiveCfg = Release|Any CPU
		{D4DBFD3B-7F48-4A38-81AA-C0E1E2900EFB}.Release|Any CPU.Build.0 = Release|Any CPU
	EndGlobalSection
	GlobalSection(SolutionProperties) = preSolution
		HideSolutionNode = FALSE
	EndGlobalSection
	GlobalSection(ExtensibilityGlobals) = postSolution
		SolutionGuid = {0AD40FDC-7DE6-46A7-BA89-1738507B61C7}
	EndGlobalSection
EndGlobal
